
Microsoft Visual Studio Solution File, Format Version 12.00
Project("{FAE04EC0-301F-11D3-BF4B-00C04F79EFBC}") = "algorithms", "algorithms\algorithms.csproj", "{B3F65779-B36F-4687-BECE-0EAA7029899F}"
EndProject
Project("{FAE04EC0-301F-11D3-BF4B-00C04F79EFBC}") = "Tests", "Tests\Tests.csproj", "{C77289FD-3379-4DA5-AE65-776386EBD38A}"
EndProject
Global
	GlobalSection(SolutionConfigurationPlatforms) = preSolution
		Debug|Any CPU = Debug|Any CPU
		Release|Any CPU = Release|Any CPU
	EndGlobalSection
	GlobalSection(ProjectConfigurationPlatforms) = postSolution
		{B3F65779-B36F-4687-BECE-0EAA7029899F}.Debug|Any CPU.ActiveCfg = Debug|Any CPU
		{B3F65779-B36F-4687-BECE-0EAA7029899F}.Debug|Any CPU.Build.0 = Debug|Any CPU
		{B3F65779-B36F-4687-BECE-0EAA7029899F}.Release|Any CPU.ActiveCfg = Release|Any CPU
		{B3F65779-B36F-4687-BECE-0EAA7029899F}.Release|Any CPU.Build.0 = Release|Any CPU
		{C77289FD-3379-4DA5-AE65-776386EBD38A}.Debug|Any CPU.ActiveCfg = Debug|Any CPU
		{C77289FD-3379-4DA5-AE65-776386EBD38A}.Debug|Any CPU.Build.0 = Debug|Any CPU
		{C77289FD-3379-4DA5-AE65-776386EBD38A}.Release|Any CPU.ActiveCfg = Release|Any CPU
		{C77289FD-3379-4DA5-AE65-776386EBD38A}.Release|Any CPU.Build.0 = Release|Any CPU
	EndGlobalSection
EndGlobal
